
Microsoft Visual Studio Solution File, Format Version 12.00
# Visual Studio 2013
VisualStudioVersion = 12.0.31101.0
MinimumVisualStudioVersion = 10.0.40219.1
Project("{FAE04EC0-301F-11D3-BF4B-00C04F79EFBC}") = "fukuv0625", "fukuv0625\fukuv0625.csproj", "{D86DB1EE-E0EA-4E6C-809F-FEDDDCA75CA9}"
EndProject
Global
	GlobalSection(SolutionConfigurationPlatforms) = preSolution
		Debug|Any CPU = Debug|Any CPU
		Release|Any CPU = Release|Any CPU
	EndGlobalSection
	GlobalSection(ProjectConfigurationPlatforms) = postSolution
		{D86DB1EE-E0EA-4E6C-809F-FEDDDCA75CA9}.Debug|Any CPU.ActiveCfg = Debug|Any CPU
		{D86DB1EE-E0EA-4E6C-809F-FEDDDCA75CA9}.Debug|Any CPU.Build.0 = Debug|Any CPU
		{D86DB1EE-E0EA-4E6C-809F-FEDDDCA75CA9}.Release|Any CPU.ActiveCfg = Release|Any CPU
		{D86DB1EE-E0EA-4E6C-809F-FEDDDCA75CA9}.Release|Any CPU.Build.0 = Release|Any CPU
	EndGlobalSection
	GlobalSection(SolutionProperties) = preSolution
		HideSolutionNode = FALSE
	EndGlobalSection
EndGlobal
